
Microsoft Visual Studio Solution File, Format Version 12.00
# Visual Studio Version 17
VisualStudioVersion = 17.0.31903.59
MinimumVisualStudioVersion = 10.0.40219.1
Project("{2150E333-8FDC-42A3-9474-1A3956D46DE8}") = "src", "src", "{827E0CD3-B72D-47B6-A68D-7590B98EB39B}"
EndProject
Project("{2150E333-8FDC-42A3-9474-1A3956D46DE8}") = "shared", "shared", "{C8E42992-5E42-0C2B-DBFE-AA848D06431C}"
EndProject
Project("{FAE04EC0-301F-11D3-BF4B-00C04F79EFBC}") = "HeavyMeta.Shared.Contracts", "src\shared\HeavyMeta.Shared.Contracts\HeavyMeta.Shared.Contracts.csproj", "{2F00478B-B154-4AAC-9F21-A1A9361DD526}"
EndProject
Project("{FAE04EC0-301F-11D3-BF4B-00C04F79EFBC}") = "HeavyMeta.Shared.Messaging", "src\shared\HeavyMeta.Shared.Messaging\HeavyMeta.Shared.Messaging.csproj", "{873B21EC-B446-4417-8BEB-604499B6FFB4}"
EndProject
Project("{2150E333-8FDC-42A3-9474-1A3956D46DE8}") = "services", "services", "{984BB9B3-3FA3-BE33-9484-CAC21695A33C}"
EndProject
Project("{2150E333-8FDC-42A3-9474-1A3956D46DE8}") = "identity", "identity", "{1BFC9479-12BF-35C3-06B8-42D89D95092B}"
EndProject
Project("{FAE04EC0-301F-11D3-BF4B-00C04F79EFBC}") = "HeavyMeta.Identity.API", "src\services\identity\HeavyMeta.Identity.API\HeavyMeta.Identity.API.csproj", "{94A45389-1C65-4FE0-88C7-EBEB19AB50A3}"
EndProject
Project("{FAE04EC0-301F-11D3-BF4B-00C04F79EFBC}") = "HeavyMeta.Identity.Core", "src\services\identity\HeavyMeta.Identity.Core\HeavyMeta.Identity.Core.csproj", "{44520F3B-84FD-450F-A9B0-64070CCE40AF}"
EndProject
Project("{FAE04EC0-301F-11D3-BF4B-00C04F79EFBC}") = "HeavyMeta.Identity.Infrastructure", "src\services\identity\HeavyMeta.Identity.Infrastructure\HeavyMeta.Identity.Infrastructure.csproj", "{BF7FFC07-9F1C-4501-AED6-9995D9C9A03C}"
EndProject
Project("{2150E333-8FDC-42A3-9474-1A3956D46DE8}") = "catalog", "catalog", "{C91C1CF1-1625-0789-F869-53D87D6277BA}"
EndProject
Project("{FAE04EC0-301F-11D3-BF4B-00C04F79EFBC}") = "HeavyMeta.Catalog.API", "src\services\catalog\HeavyMeta.Catalog.API\HeavyMeta.Catalog.API.csproj", "{D599E3D9-D887-4EC2-B9A8-28498E263AE9}"
EndProject
Project("{FAE04EC0-301F-11D3-BF4B-00C04F79EFBC}") = "HeavyMeta.Catalog.Core", "src\services\catalog\HeavyMeta.Catalog.Core\HeavyMeta.Catalog.Core.csproj", "{5674DD20-F5E0-4846-AD36-FC795C420BEB}"
EndProject
Project("{FAE04EC0-301F-11D3-BF4B-00C04F79EFBC}") = "HeavyMeta.Catalog.Infrastructure", "src\services\catalog\HeavyMeta.Catalog.Infrastructure\HeavyMeta.Catalog.Infrastructure.csproj", "{9185B3D2-46FD-4256-8E2E-A49E27F04B80}"
EndProject
Project("{2150E333-8FDC-42A3-9474-1A3956D46DE8}") = "deck", "deck", "{0DA1571E-E2FE-82AA-9F73-06F986A9BB52}"
EndProject
Project("{FAE04EC0-301F-11D3-BF4B-00C04F79EFBC}") = "HeavyMeta.Deck.API", "src\services\deck\HeavyMeta.Deck.API\HeavyMeta.Deck.API.csproj", "{13E75468-F83D-4612-BC9F-CBE550D724FA}"
EndProject
Project("{FAE04EC0-301F-11D3-BF4B-00C04F79EFBC}") = "HeavyMeta.Deck.Core", "src\services\deck\HeavyMeta.Deck.Core\HeavyMeta.Deck.Core.csproj", "{224A5BC6-BB82-47A7-A053-1D8227F880E7}"
EndProject
Project("{FAE04EC0-301F-11D3-BF4B-00C04F79EFBC}") = "HeavyMeta.Deck.Infrastructure", "src\services\deck\HeavyMeta.Deck.Infrastructure\HeavyMeta.Deck.Infrastructure.csproj", "{3F17A089-7617-43E2-827C-F1223E7A68FC}"
EndProject
Project("{2150E333-8FDC-42A3-9474-1A3956D46DE8}") = "sync", "sync", "{76895B36-D566-A21E-9EF4-960E668EB966}"
EndProject
Project("{FAE04EC0-301F-11D3-BF4B-00C04F79EFBC}") = "HeavyMeta.Sync.Worker", "src\services\sync\HeavyMeta.Sync.Worker\HeavyMeta.Sync.Worker.csproj", "{A7FF4E92-F7CF-4E05-917B-217919552810}"
EndProject
Project("{FAE04EC0-301F-11D3-BF4B-00C04F79EFBC}") = "HeavyMeta.Sync.Core", "src\services\sync\HeavyMeta.Sync.Core\HeavyMeta.Sync.Core.csproj", "{467613CC-642E-43BE-B044-E7F7EE915D66}"
EndProject
Project("{FAE04EC0-301F-11D3-BF4B-00C04F79EFBC}") = "HeavyMeta.Sync.Infrastructure", "src\services\sync\HeavyMeta.Sync.Infrastructure\HeavyMeta.Sync.Infrastructure.csproj", "{E16A4BED-E7B4-41B0-BB94-629E8D42D50B}"
EndProject
Global
	GlobalSection(SolutionConfigurationPlatforms) = preSolution
		Debug|Any CPU = Debug|Any CPU
		Debug|x64 = Debug|x64
		Debug|x86 = Debug|x86
		Release|Any CPU = Release|Any CPU
		Release|x64 = Release|x64
		Release|x86 = Release|x86
	EndGlobalSection
	GlobalSection(ProjectConfigurationPlatforms) = postSolution
		{2F00478B-B154-4AAC-9F21-A1A9361DD526}.Debug|Any CPU.ActiveCfg = Debug|Any CPU
		{2F00478B-B154-4AAC-9F21-A1A9361DD526}.Debug|Any CPU.Build.0 = Debug|Any CPU
		{2F00478B-B154-4AAC-9F21-A1A9361DD526}.Debug|x64.ActiveCfg = Debug|Any CPU
		{2F00478B-B154-4AAC-9F21-A1A9361DD526}.Debug|x64.Build.0 = Debug|Any CPU
		{2F00478B-B154-4AAC-9F21-A1A9361DD526}.Debug|x86.ActiveCfg = Debug|Any CPU
		{2F00478B-B154-4AAC-9F21-A1A9361DD526}.Debug|x86.Build.0 = Debug|Any CPU
		{2F00478B-B154-4AAC-9F21-A1A9361DD526}.Release|Any CPU.ActiveCfg = Release|Any CPU
		{2F00478B-B154-4AAC-9F21-A1A9361DD526}.Release|Any CPU.Build.0 = Release|Any CPU
		{2F00478B-B154-4AAC-9F21-A1A9361DD526}.Release|x64.ActiveCfg = Release|Any CPU
		{2F00478B-B154-4AAC-9F21-A1A9361DD526}.Release|x64.Build.0 = Release|Any CPU
		{2F00478B-B154-4AAC-9F21-A1A9361DD526}.Release|x86.ActiveCfg = Release|Any CPU
		{2F00478B-B154-4AAC-9F21-A1A9361DD526}.Release|x86.Build.0 = Release|Any CPU
		{873B21EC-B446-4417-8BEB-604499B6FFB4}.Debug|Any CPU.ActiveCfg = Debug|Any CPU
		{873B21EC-B446-4417-8BEB-604499B6FFB4}.Debug|Any CPU.Build.0 = Debug|Any CPU
		{873B21EC-B446-4417-8BEB-604499B6FFB4}.Debug|x64.ActiveCfg = Debug|Any CPU
		{873B21EC-B446-4417-8BEB-604499B6FFB4}.Debug|x64.Build.0 = Debug|Any CPU
		{873B21EC-B446-4417-8BEB-604499B6FFB4}.Debug|x86.ActiveCfg = Debug|Any CPU
		{873B21EC-B446-4417-8BEB-604499B6FFB4}.Debug|x86.Build.0 = Debug|Any CPU
		{873B21EC-B446-4417-8BEB-604499B6FFB4}.Release|Any CPU.ActiveCfg = Release|Any CPU
		{873B21EC-B446-4417-8BEB-604499B6FFB4}.Release|Any CPU.Build.0 = Release|Any CPU
		{873B21EC-B446-4417-8BEB-604499B6FFB4}.Release|x64.ActiveCfg = Release|Any CPU
		{873B21EC-B446-4417-8BEB-604499B6FFB4}.Release|x64.Build.0 = Release|Any CPU
		{873B21EC-B446-4417-8BEB-604499B6FFB4}.Release|x86.ActiveCfg = Release|Any CPU
		{873B21EC-B446-4417-8BEB-604499B6FFB4}.Release|x86.Build.0 = Release|Any CPU
		{94A45389-1C65-4FE0-88C7-EBEB19AB50A3}.Debug|Any CPU.ActiveCfg = Debug|Any CPU
		{94A45389-1C65-4FE0-88C7-EBEB19AB50A3}.Debug|Any CPU.Build.0 = Debug|Any CPU
		{94A45389-1C65-4FE0-88C7-EBEB19AB50A3}.Debug|x64.ActiveCfg = Debug|Any CPU
		{94A45389-1C65-4FE0-88C7-EBEB19AB50A3}.Debug|x64.Build.0 = Debug|Any CPU
		{94A45389-1C65-4FE0-88C7-EBEB19AB50A3}.Debug|x86.ActiveCfg = Debug|Any CPU
		{94A45389-1C65-4FE0-88C7-EBEB19AB50A3}.Debug|x86.Build.0 = Debug|Any CPU
		{94A45389-1C65-4FE0-88C7-EBEB19AB50A3}.Release|Any CPU.ActiveCfg = Release|Any CPU
		{94A45389-1C65-4FE0-88C7-EBEB19AB50A3}.Release|Any CPU.Build.0 = Release|Any CPU
		{94A45389-1C65-4FE0-88C7-EBEB19AB50A3}.Release|x64.ActiveCfg = Release|Any CPU
		{94A45389-1C65-4FE0-88C7-EBEB19AB50A3}.Release|x64.Build.0 = Release|Any CPU
		{94A45389-1C65-4FE0-88C7-EBEB19AB50A3}.Release|x86.ActiveCfg = Release|Any CPU
		{94A45389-1C65-4FE0-88C7-EBEB19AB50A3}.Release|x86.Build.0 = Release|Any CPU
		{44520F3B-84FD-450F-A9B0-64070CCE40AF}.Debug|Any CPU.ActiveCfg = Debug|Any CPU
		{44520F3B-84FD-450F-A9B0-64070CCE40AF}.Debug|Any CPU.Build.0 = Debug|Any CPU
		{44520F3B-84FD-450F-A9B0-64070CCE40AF}.Debug|x64.ActiveCfg = Debug|Any CPU
		{44520F3B-84FD-450F-A9B0-64070CCE40AF}.Debug|x64.Build.0 = Debug|Any CPU
		{44520F3B-84FD-450F-A9B0-64070CCE40AF}.Debug|x86.ActiveCfg = Debug|Any CPU
		{44520F3B-84FD-450F-A9B0-64070CCE40AF}.Debug|x86.Build.0 = Debug|Any CPU
		{44520F3B-84FD-450F-A9B0-64070CCE40AF}.Release|Any CPU.ActiveCfg = Release|Any CPU
		{44520F3B-84FD-450F-A9B0-64070CCE40AF}.Release|Any CPU.Build.0 = Release|Any CPU
		{44520F3B-84FD-450F-A9B0-64070CCE40AF}.Release|x64.ActiveCfg = Release|Any CPU
		{44520F3B-84FD-450F-A9B0-64070CCE40AF}.Release|x64.Build.0 = Release|Any CPU
		{44520F3B-84FD-450F-A9B0-64070CCE40AF}.Release|x86.ActiveCfg = Release|Any CPU
		{44520F3B-84FD-450F-A9B0-64070CCE40AF}.Release|x86.Build.0 = Release|Any CPU
		{BF7FFC07-9F1C-4501-AED6-9995D9C9A03C}.Debug|Any CPU.ActiveCfg = Debug|Any CPU
		{BF7FFC07-9F1C-4501-AED6-9995D9C9A03C}.Debug|Any CPU.Build.0 = Debug|Any CPU
		{BF7FFC07-9F1C-4501-AED6-9995D9C9A03C}.Debug|x64.ActiveCfg = Debug|Any CPU
		{BF7FFC07-9F1C-4501-AED6-9995D9C9A03C}.Debug|x64.Build.0 = Debug|Any CPU
		{BF7FFC07-9F1C-4501-AED6-9995D9C9A03C}.Debug|x86.ActiveCfg = Debug|Any CPU
		{BF7FFC07-9F1C-4501-AED6-9995D9C9A03C}.Debug|x86.Build.0 = Debug|Any CPU
		{BF7FFC07-9F1C-4501-AED6-9995D9C9A03C}.Release|Any CPU.ActiveCfg = Release|Any CPU
		{BF7FFC07-9F1C-4501-AED6-9995D9C9A03C}.Release|Any CPU.Build.0 = Release|Any CPU
		{BF7FFC07-9F1C-4501-AED6-9995D9C9A03C}.Release|x64.ActiveCfg = Release|Any CPU
		{BF7FFC07-9F1C-4501-AED6-9995D9C9A03C}.Release|x64.Build.0 = Release|Any CPU
		{BF7FFC07-9F1C-4501-AED6-9995D9C9A03C}.Release|x86.ActiveCfg = Release|Any CPU
		{BF7FFC07-9F1C-4501-AED6-9995D9C9A03C}.Release|x86.Build.0 = Release|Any CPU
		{D599E3D9-D887-4EC2-B9A8-28498E263AE9}.Debug|Any CPU.ActiveCfg = Debug|Any CPU
		{D599E3D9-D887-4EC2-B9A8-28498E263AE9}.Debug|Any CPU.Build.0 = Debug|Any CPU
		{D599E3D9-D887-4EC2-B9A8-28498E263AE9}.Debug|x64.ActiveCfg = Debug|Any CPU
		{D599E3D9-D887-4EC2-B9A8-28498E263AE9}.Debug|x64.Build.0 = Debug|Any CPU
		{D599E3D9-D887-4EC2-B9A8-28498E263AE9}.Debug|x86.ActiveCfg = Debug|Any CPU
		{D599E3D9-D887-4EC2-B9A8-28498E263AE9}.Debug|x86.Build.0 = Debug|Any CPU
		{D599E3D9-D887-4EC2-B9A8-28498E263AE9}.Release|Any CPU.ActiveCfg = Release|Any CPU
		{D599E3D9-D887-4EC2-B9A8-28498E263AE9}.Release|Any CPU.Build.0 = Release|Any CPU
		{D599E3D9-D887-4EC2-B9A8-28498E263AE9}.Release|x64.ActiveCfg = Release|Any CPU
		{D599E3D9-D887-4EC2-B9A8-28498E263AE9}.Release|x64.Build.0 = Release|Any CPU
		{D599E3D9-D887-4EC2-B9A8-28498E263AE9}.Release|x86.ActiveCfg = Release|Any CPU
		{D599E3D9-D887-4EC2-B9A8-28498E263AE9}.Release|x86.Build.0 = Release|Any CPU
		{5674DD20-F5E0-4846-AD36-FC795C420BEB}.Debug|Any CPU.ActiveCfg = Debug|Any CPU
		{5674DD20-F5E0-4846-AD36-FC795C420BEB}.Debug|Any CPU.Build.0 = Debug|Any CPU
		{5674DD20-F5E0-4846-AD36-FC795C420BEB}.Debug|x64.ActiveCfg = Debug|Any CPU
		{5674DD20-F5E0-4846-AD36-FC795C420BEB}.Debug|x64.Build.0 = Debug|Any CPU
		{5674DD20-F5E0-4846-AD36-FC795C420BEB}.Debug|x86.ActiveCfg = Debug|Any CPU
		{5674DD20-F5E0-4846-AD36-FC795C420BEB}.Debug|x86.Build.0 = Debug|Any CPU
		{5674DD20-F5E0-4846-AD36-FC795C420BEB}.Release|Any CPU.ActiveCfg = Release|Any CPU
		{5674DD20-F5E0-4846-AD36-FC795C420BEB}.Release|Any CPU.Build.0 = Release|Any CPU
		{5674DD20-F5E0-4846-AD36-FC795C420BEB}.Release|x64.ActiveCfg = Release|Any CPU
		{5674DD20-F5E0-4846-AD36-FC795C420BEB}.Release|x64.Build.0 = Release|Any CPU
		{5674DD20-F5E0-4846-AD36-FC795C420BEB}.Release|x86.ActiveCfg = Release|Any CPU
		{5674DD20-F5E0-4846-AD36-FC795C420BEB}.Release|x86.Build.0 = Release|Any CPU
		{9185B3D2-46FD-4256-8E2E-A49E27F04B80}.Debug|Any CPU.ActiveCfg = Debug|Any CPU
		{9185B3D2-46FD-4256-8E2E-A49E27F04B80}.Debug|Any CPU.Build.0 = Debug|Any CPU
		{9185B3D2-46FD-4256-8E2E-A49E27F04B80}.Debug|x64.ActiveCfg = Debug|Any CPU
		{9185B3D2-46FD-4256-8E2E-A49E27F04B80}.Debug|x64.Build.0 = Debug|Any CPU
		{9185B3D2-46FD-4256-8E2E-A49E27F04B80}.Debug|x86.ActiveCfg = Debug|Any CPU
		{9185B3D2-46FD-4256-8E2E-A49E27F04B80}.Debug|x86.Build.0 = Debug|Any CPU
		{9185B3D2-46FD-4256-8E2E-A49E27F04B80}.Release|Any CPU.ActiveCfg = Release|Any CPU
		{9185B3D2-46FD-4256-8E2E-A49E27F04B80}.Release|Any CPU.Build.0 = Release|Any CPU
		{9185B3D2-46FD-4256-8E2E-A49E27F04B80}.Release|x64.ActiveCfg = Release|Any CPU
		{9185B3D2-46FD-4256-8E2E-A49E27F04B80}.Release|x64.Build.0 = Release|Any CPU
		{9185B3D2-46FD-4256-8E2E-A49E27F04B80}.Release|x86.ActiveCfg = Release|Any CPU
		{9185B3D2-46FD-4256-8E2E-A49E27F04B80}.Release|x86.Build.0 = Release|Any CPU
		{13E75468-F83D-4612-BC9F-CBE550D724FA}.Debug|Any CPU.ActiveCfg = Debug|Any CPU
		{13E75468-F83D-4612-BC9F-CBE550D724FA}.Debug|Any CPU.Build.0 = Debug|Any CPU
		{13E75468-F83D-4612-BC9F-CBE550D724FA}.Debug|x64.ActiveCfg = Debug|Any CPU
		{13E75468-F83D-4612-BC9F-CBE550D724FA}.Debug|x64.Build.0 = Debug|Any CPU
		{13E75468-F83D-4612-BC9F-CBE550D724FA}.Debug|x86.ActiveCfg = Debug|Any CPU
		{13E75468-F83D-4612-BC9F-CBE550D724FA}.Debug|x86.Build.0 = Debug|Any CPU
		{13E75468-F83D-4612-BC9F-CBE550D724FA}.Release|Any CPU.ActiveCfg = Release|Any CPU
		{13E75468-F83D-4612-BC9F-CBE550D724FA}.Release|Any CPU.Build.0 = Release|Any CPU
		{13E75468-F83D-4612-BC9F-CBE550D724FA}.Release|x64.ActiveCfg = Release|Any CPU
		{13E75468-F83D-4612-BC9F-CBE550D724FA}.Release|x64.Build.0 = Release|Any CPU
		{13E75468-F83D-4612-BC9F-CBE550D724FA}.Release|x86.ActiveCfg = Release|Any CPU
		{13E75468-F83D-4612-BC9F-CBE550D724FA}.Release|x86.Build.0 = Release|Any CPU
		{224A5BC6-BB82-47A7-A053-1D8227F880E7}.Debug|Any CPU.ActiveCfg = Debug|Any CPU
		{224A5BC6-BB82-47A7-A053-1D8227F880E7}.Debug|Any CPU.Build.0 = Debug|Any CPU
		{224A5BC6-BB82-47A7-A053-1D8227F880E7}.Debug|x64.ActiveCfg = Debug|Any CPU
		{224A5BC6-BB82-47A7-A053-1D8227F880E7}.Debug|x64.Build.0 = Debug|Any CPU
		{224A5BC6-BB82-47A7-A053-1D8227F880E7}.Debug|x86.ActiveCfg = Debug|Any CPU
		{224A5BC6-BB82-47A7-A053-1D8227F880E7}.Debug|x86.Build.0 = Debug|Any CPU
		{224A5BC6-BB82-47A7-A053-1D8227F880E7}.Release|Any CPU.ActiveCfg = Release|Any CPU
		{224A5BC6-BB82-47A7-A053-1D8227F880E7}.Release|Any CPU.Build.0 = Release|Any CPU
		{224A5BC6-BB82-47A7-A053-1D8227F880E7}.Release|x64.ActiveCfg = Release|Any CPU
		{224A5BC6-BB82-47A7-A053-1D8227F880E7}.Release|x64.Build.0 = Release|Any CPU
		{224A5BC6-BB82-47A7-A053-1D8227F880E7}.Release|x86.ActiveCfg = Release|Any CPU
		{224A5BC6-BB82-47A7-A053-1D8227F880E7}.Release|x86.Build.0 = Release|Any CPU
		{3F17A089-7617-43E2-827C-F1223E7A68FC}.Debug|Any CPU.ActiveCfg = Debug|Any CPU
		{3F17A089-7617-43E2-827C-F1223E7A68FC}.Debug|Any CPU.Build.0 = Debug|Any CPU
		{3F17A089-7617-43E2-827C-F1223E7A68FC}.Debug|x64.ActiveCfg = Debug|Any CPU
		{3F17A089-7617-43E2-827C-F1223E7A68FC}.Debug|x64.Build.0 = Debug|Any CPU
		{3F17A089-7617-43E2-827C-F1223E7A68FC}.Debug|x86.ActiveCfg = Debug|Any CPU
		{3F17A089-7617-43E2-827C-F1223E7A68FC}.Debug|x86.Build.0 = Debug|Any CPU
		{3F17A089-7617-43E2-827C-F1223E7A68FC}.Release|Any CPU.ActiveCfg = Release|Any CPU
		{3F17A089-7617-43E2-827C-F1223E7A68FC}.Release|Any CPU.Build.0 = Release|Any CPU
		{3F17A089-7617-43E2-827C-F1223E7A68FC}.Release|x64.ActiveCfg = Release|Any CPU
		{3F17A089-7617-43E2-827C-F1223E7A68FC}.Release|x64.Build.0 = Release|Any CPU
		{3F17A089-7617-43E2-827C-F1223E7A68FC}.Release|x86.ActiveCfg = Release|Any CPU
		{3F17A089-7617-43E2-827C-F1223E7A68FC}.Release|x86.Build.0 = Release|Any CPU
		{A7FF4E92-F7CF-4E05-917B-217919552810}.Debug|Any CPU.ActiveCfg = Debug|Any CPU
		{A7FF4E92-F7CF-4E05-917B-217919552810}.Debug|Any CPU.Build.0 = Debug|Any CPU
		{A7FF4E92-F7CF-4E05-917B-217919552810}.Debug|x64.ActiveCfg = Debug|Any CPU
		{A7FF4E92-F7CF-4E05-917B-217919552810}.Debug|x64.Build.0 = Debug|Any CPU
		{A7FF4E92-F7CF-4E05-917B-217919552810}.Debug|x86.ActiveCfg = Debug|Any CPU
		{A7FF4E92-F7CF-4E05-917B-217919552810}.Debug|x86.Build.0 = Debug|Any CPU
		{A7FF4E92-F7CF-4E05-917B-217919552810}.Release|Any CPU.ActiveCfg = Release|Any CPU
		{A7FF4E92-F7CF-4E05-917B-217919552810}.Release|Any CPU.Build.0 = Release|Any CPU
		{A7FF4E92-F7CF-4E05-917B-217919552810}.Release|x64.ActiveCfg = Release|Any CPU
		{A7FF4E92-F7CF-4E05-917B-217919552810}.Release|x64.Build.0 = Release|Any CPU
		{A7FF4E92-F7CF-4E05-917B-217919552810}.Release|x86.ActiveCfg = Release|Any CPU
		{A7FF4E92-F7CF-4E05-917B-217919552810}.Release|x86.Build.0 = Release|Any CPU
		{467613CC-642E-43BE-B044-E7F7EE915D66}.Debug|Any CPU.ActiveCfg = Debug|Any CPU
		{467613CC-642E-43BE-B044-E7F7EE915D66}.Debug|Any CPU.Build.0 = Debug|Any CPU
		{467613CC-642E-43BE-B044-E7F7EE915D66}.Debug|x64.ActiveCfg = Debug|Any CPU
		{467613CC-642E-43BE-B044-E7F7EE915D66}.Debug|x64.Build.0 = Debug|Any CPU
		{467613CC-642E-43BE-B044-E7F7EE915D66}.Debug|x86.ActiveCfg = Debug|Any CPU
		{467613CC-642E-43BE-B044-E7F7EE915D66}.Debug|x86.Build.0 = Debug|Any CPU
		{467613CC-642E-43BE-B044-E7F7EE915D66}.Release|Any CPU.ActiveCfg = Release|Any CPU
		{467613CC-642E-43BE-B044-E7F7EE915D66}.Release|Any CPU.Build.0 = Release|Any CPU
		{467613CC-642E-43BE-B044-E7F7EE915D66}.Release|x64.ActiveCfg = Release|Any CPU
		{467613CC-642E-43BE-B044-E7F7EE915D66}.Release|x64.Build.0 = Release|Any CPU
		{467613CC-642E-43BE-B044-E7F7EE915D66}.Release|x86.ActiveCfg = Release|Any CPU
		{467613CC-642E-43BE-B044-E7F7EE915D66}.Release|x86.Build.0 = Release|Any CPU
		{E16A4BED-E7B4-41B0-BB94-629E8D42D50B}.Debug|Any CPU.ActiveCfg = Debug|Any CPU
		{E16A4BED-E7B4-41B0-BB94-629E8D42D50B}.Debug|Any CPU.Build.0 = Debug|Any CPU
		{E16A4BED-E7B4-41B0-BB94-629E8D42D50B}.Debug|x64.ActiveCfg = Debug|Any CPU
		{E16A4BED-E7B4-41B0-BB94-629E8D42D50B}.Debug|x64.Build.0 = Debug|Any CPU
		{E16A4BED-E7B4-41B0-BB94-629E8D42D50B}.Debug|x86.ActiveCfg = Debug|Any CPU
		{E16A4BED-E7B4-41B0-BB94-629E8D42D50B}.Debug|x86.Build.0 = Debug|Any CPU
		{E16A4BED-E7B4-41B0-BB94-629E8D42D50B}.Release|Any CPU.ActiveCfg = Release|Any CPU
		{E16A4BED-E7B4-41B0-BB94-629E8D42D50B}.Release|Any CPU.Build.0 = Release|Any CPU
		{E16A4BED-E7B4-41B0-BB94-629E8D42D50B}.Release|x64.ActiveCfg = Release|Any CPU
		{E16A4BED-E7B4-41B0-BB94-629E8D42D50B}.Release|x64.Build.0 = Release|Any CPU
		{E16A4BED-E7B4-41B0-BB94-629E8D42D50B}.Release|x86.ActiveCfg = Release|Any CPU
		{E16A4BED-E7B4-41B0-BB94-629E8D42D50B}.Release|x86.Build.0 = Release|Any CPU
	EndGlobalSection
	GlobalSection(SolutionProperties) = preSolution
		HideSolutionNode = FALSE
	EndGlobalSection
	GlobalSection(NestedProjects) = preSolution
		{C8E42992-5E42-0C2B-DBFE-AA848D06431C} = {827E0CD3-B72D-47B6-A68D-7590B98EB39B}
		{2F00478B-B154-4AAC-9F21-A1A9361DD526} = {C8E42992-5E42-0C2B-DBFE-AA848D06431C}
		{873B21EC-B446-4417-8BEB-604499B6FFB4} = {C8E42992-5E42-0C2B-DBFE-AA848D06431C}
		{984BB9B3-3FA3-BE33-9484-CAC21695A33C} = {827E0CD3-B72D-47B6-A68D-7590B98EB39B}
		{1BFC9479-12BF-35C3-06B8-42D89D95092B} = {984BB9B3-3FA3-BE33-9484-CAC21695A33C}
		{94A45389-1C65-4FE0-88C7-EBEB19AB50A3} = {1BFC9479-12BF-35C3-06B8-42D89D95092B}
		{44520F3B-84FD-450F-A9B0-64070CCE40AF} = {1BFC9479-12BF-35C3-06B8-42D89D95092B}
		{BF7FFC07-9F1C-4501-AED6-9995D9C9A03C} = {1BFC9479-12BF-35C3-06B8-42D89D95092B}
		{C91C1CF1-1625-0789-F869-53D87D6277BA} = {984BB9B3-3FA3-BE33-9484-CAC21695A33C}
		{D599E3D9-D887-4EC2-B9A8-28498E263AE9} = {C91C1CF1-1625-0789-F869-53D87D6277BA}
		{5674DD20-F5E0-4846-AD36-FC795C420BEB} = {C91C1CF1-1625-0789-F869-53D87D6277BA}
		{9185B3D2-46FD-4256-8E2E-A49E27F04B80} = {C91C1CF1-1625-0789-F869-53D87D6277BA}
		{0DA1571E-E2FE-82AA-9F73-06F986A9BB52} = {984BB9B3-3FA3-BE33-9484-CAC21695A33C}
		{13E75468-F83D-4612-BC9F-CBE550D724FA} = {0DA1571E-E2FE-82AA-9F73-06F986A9BB52}
		{224A5BC6-BB82-47A7-A053-1D8227F880E7} = {0DA1571E-E2FE-82AA-9F73-06F986A9BB52}
		{3F17A089-7617-43E2-827C-F1223E7A68FC} = {0DA1571E-E2FE-82AA-9F73-06F986A9BB52}
		{76895B36-D566-A21E-9EF4-960E668EB966} = {984BB9B3-3FA3-BE33-9484-CAC21695A33C}
		{A7FF4E92-F7CF-4E05-917B-217919552810} = {76895B36-D566-A21E-9EF4-960E668EB966}
		{467613CC-642E-43BE-B044-E7F7EE915D66} = {76895B36-D566-A21E-9EF4-960E668EB966}
		{E16A4BED-E7B4-41B0-BB94-629E8D42D50B} = {76895B36-D566-A21E-9EF4-960E668EB966}
	EndGlobalSection
EndGlobal
